
Microsoft Visual Studio Solution File, Format Version 12.00
# Visual Studio Version 17
VisualStudioVersion = 17.7.34024.191
MinimumVisualStudioVersion = 10.0.40219.1
Project("{FAE04EC0-301F-11D3-BF4B-00C04F79EFBC}") = "BeckJoon", "BeckJoon\BeckJoon.csproj", "{6C40FBE9-2637-4712-87FE-BE9B29616F73}"
EndProject
Project("{FAE04EC0-301F-11D3-BF4B-00C04F79EFBC}") = "Q1000", "Q1000\Q1000.csproj", "{E1340FD2-6655-49CC-B080-AD6B3015424A}"
EndProject
Project("{FAE04EC0-301F-11D3-BF4B-00C04F79EFBC}") = "Q2557", "Q2557\Q2557.csproj", "{82BC5C1A-4B03-4979-A596-3A24C7A04F1B}"
EndProject
Project("{FAE04EC0-301F-11D3-BF4B-00C04F79EFBC}") = "Q1001", "Q1001\Q1001.csproj", "{6DEA2AE2-9384-4BD1-8692-D9C1C95B7B46}"
EndProject
Project("{FAE04EC0-301F-11D3-BF4B-00C04F79EFBC}") = "Q10998", "Q10998\Q10998.csproj", "{51F5343A-A7A8-4759-BB0E-CCD9891ED8C8}"
EndProject
Global
	GlobalSection(SolutionConfigurationPlatforms) = preSolution
		Debug|Any CPU = Debug|Any CPU
		Release|Any CPU = Release|Any CPU
	EndGlobalSection
	GlobalSection(ProjectConfigurationPlatforms) = postSolution
		{6C40FBE9-2637-4712-87FE-BE9B29616F73}.Debug|Any CPU.ActiveCfg = Debug|Any CPU
		{6C40FBE9-2637-4712-87FE-BE9B29616F73}.Debug|Any CPU.Build.0 = Debug|Any CPU
		{6C40FBE9-2637-4712-87FE-BE9B29616F73}.Release|Any CPU.ActiveCfg = Release|Any CPU
		{6C40FBE9-2637-4712-87FE-BE9B29616F73}.Release|Any CPU.Build.0 = Release|Any CPU
		{E1340FD2-6655-49CC-B080-AD6B3015424A}.Debug|Any CPU.ActiveCfg = Debug|Any CPU
		{E1340FD2-6655-49CC-B080-AD6B3015424A}.Debug|Any CPU.Build.0 = Debug|Any CPU
		{E1340FD2-6655-49CC-B080-AD6B3015424A}.Release|Any CPU.ActiveCfg = Release|Any CPU
		{E1340FD2-6655-49CC-B080-AD6B3015424A}.Release|Any CPU.Build.0 = Release|Any CPU
		{82BC5C1A-4B03-4979-A596-3A24C7A04F1B}.Debug|Any CPU.ActiveCfg = Debug|Any CPU
		{82BC5C1A-4B03-4979-A596-3A24C7A04F1B}.Debug|Any CPU.Build.0 = Debug|Any CPU
		{82BC5C1A-4B03-4979-A596-3A24C7A04F1B}.Release|Any CPU.ActiveCfg = Release|Any CPU
		{82BC5C1A-4B03-4979-A596-3A24C7A04F1B}.Release|Any CPU.Build.0 = Release|Any CPU
		{6DEA2AE2-9384-4BD1-8692-D9C1C95B7B46}.Debug|Any CPU.ActiveCfg = Debug|Any CPU
		{6DEA2AE2-9384-4BD1-8692-D9C1C95B7B46}.Debug|Any CPU.Build.0 = Debug|Any CPU
		{6DEA2AE2-9384-4BD1-8692-D9C1C95B7B46}.Release|Any CPU.ActiveCfg = Release|Any CPU
		{6DEA2AE2-9384-4BD1-8692-D9C1C95B7B46}.Release|Any CPU.Build.0 = Release|Any CPU
		{51F5343A-A7A8-4759-BB0E-CCD9891ED8C8}.Debug|Any CPU.ActiveCfg = Debug|Any CPU
		{51F5343A-A7A8-4759-BB0E-CCD9891ED8C8}.Debug|Any CPU.Build.0 = Debug|Any CPU
		{51F5343A-A7A8-4759-BB0E-CCD9891ED8C8}.Release|Any CPU.ActiveCfg = Release|Any CPU
		{51F5343A-A7A8-4759-BB0E-CCD9891ED8C8}.Release|Any CPU.Build.0 = Release|Any CPU
	EndGlobalSection
	GlobalSection(SolutionProperties) = preSolution
		HideSolutionNode = FALSE
	EndGlobalSection
	GlobalSection(ExtensibilityGlobals) = postSolution
		SolutionGuid = {2FAA7AFD-DA47-40A1-9A5A-7B27D32BE8D8}
	EndGlobalSection
EndGlobal
