Microsoft Visual Studio Solution File, Format Version 12.00
# Visual Studio Version 17
VisualStudioVersion = 17.7.34024.191
MinimumVisualStudioVersion = 10.0.40219.1
Project("{9A19103F-16F7-4668-BE54-9A1E7A4F7556}") = "Q1000", "Q1000\Q1000.csproj", "{E1340FD2-6655-49CC-B080-AD6B3015424A}"
EndProject
Project("{9A19103F-16F7-4668-BE54-9A1E7A4F7556}") = "Q2557", "Q2557\Q2557.csproj", "{82BC5C1A-4B03-4979-A596-3A24C7A04F1B}"
EndProject
Project("{9A19103F-16F7-4668-BE54-9A1E7A4F7556}") = "Q1001", "Q1001\Q1001.csproj", "{6DEA2AE2-9384-4BD1-8692-D9C1C95B7B46}"
EndProject
Project("{9A19103F-16F7-4668-BE54-9A1E7A4F7556}") = "Q10998", "Q10998\Q10998.csproj", "{51F5343A-A7A8-4759-BB0E-CCD9891ED8C8}"
EndProject
Project("{9A19103F-16F7-4668-BE54-9A1E7A4F7556}") = "Q1008", "Q1008\Q1008.csproj", "{50C52FEB-D3E2-4CFF-916A-C69C274AFFD7}"
EndProject
Project("{9A19103F-16F7-4668-BE54-9A1E7A4F7556}") = "Q10869", "Q10869\Q10869.csproj", "{21E507F2-D3C0-47BE-9598-BB4FA6375E21}"
EndProject
Project("{9A19103F-16F7-4668-BE54-9A1E7A4F7556}") = "Q10926", "Q10926\Q10926.csproj", "{78966F43-89A9-422A-86EC-D142482EC0DD}"
EndProject
Project("{9A19103F-16F7-4668-BE54-9A1E7A4F7556}") = "Q18108", "Q18108\Q18108.csproj", "{14297024-71CD-4F30-A922-156E0D96EFDC}"
EndProject
Project("{9A19103F-16F7-4668-BE54-9A1E7A4F7556}") = "Q10430", "Q10430\Q10430.csproj", "{5618B8BE-0F37-481B-B591-E52C0D2503CE}"
EndProject
Project("{9A19103F-16F7-4668-BE54-9A1E7A4F7556}") = "Q2588", "Q2588\Q2588.csproj", "{3325A3EA-94EB-49EB-A1E6-B8207DF17088}"
EndProject
Project("{9A19103F-16F7-4668-BE54-9A1E7A4F7556}") = "Q11382", "Q11382\Q11382.csproj", "{B78AFC49-B646-4252-92A3-55C2D74BADDB}"
EndProject
Project("{9A19103F-16F7-4668-BE54-9A1E7A4F7556}") = "Q1130", "Q1130\Q1130.csproj", "{BCDE5C2F-A267-43AD-91A7-5AF89E2D8E4A}"
EndProject
Project("{9A19103F-16F7-4668-BE54-9A1E7A4F7556}") = "Q9498", "Q9498\Q9498.csproj", "{EE8BAAE3-D0F5-4B59-991D-0F86531EBDA2}"
EndProject
Project("{9A19103F-16F7-4668-BE54-9A1E7A4F7556}") = "Q2753", "Q2753\Q2753.csproj", "{6DDCE1D1-BB94-4157-9F40-9DC37B37A1A6}"
EndProject
Project("{9A19103F-16F7-4668-BE54-9A1E7A4F7556}") = "Q14681", "Q14681\Q14681.csproj", "{2B66FD7D-9051-4317-8DBF-456D6A0E7BFF}"
EndProject
Project("{9A19103F-16F7-4668-BE54-9A1E7A4F7556}") = "Q2884", "Q2884\Q2884.csproj", "{83D2F520-C72C-4CC4-9BA0-996438F7D730}"
EndProject
Project("{9A19103F-16F7-4668-BE54-9A1E7A4F7556}") = "Q2525", "Q2525\Q2525.csproj", "{8CDC9822-2488-47E1-A167-4EA22689F76B}"
EndProject
Project("{9A19103F-16F7-4668-BE54-9A1E7A4F7556}") = "Q2480", "Q2480\Q2480.csproj", "{C3B235A0-EF6F-4D4D-822E-FE1475FF8067}"
EndProject
Project("{9A19103F-16F7-4668-BE54-9A1E7A4F7556}") = "Q2739", "Q2739\Q2739.csproj", "{9AA13849-CD35-4B5B-8B54-EE84F62C16CB}"
EndProject
Project("{9A19103F-16F7-4668-BE54-9A1E7A4F7556}") = "Q10950", "Q10950\Q10950.csproj", "{08A17E6C-E07D-4195-A4ED-588A2566793F}"
EndProject
Project("{9A19103F-16F7-4668-BE54-9A1E7A4F7556}") = "Q8393", "Q8393\Q8393.csproj", "{97B375C8-0727-4F4E-9B10-9777B820D155}"
EndProject
Project("{9A19103F-16F7-4668-BE54-9A1E7A4F7556}") = "Q25304", "Q25304\Q25304.csproj", "{E451C8B2-C532-49EE-813E-8E88704C1682}"
EndProject
Project("{9A19103F-16F7-4668-BE54-9A1E7A4F7556}") = "Q25314", "Q25314\Q25314.csproj", "{EEE0EEDB-2029-4A40-8504-0C9FC2873F47}"
EndProject
Project("{9A19103F-16F7-4668-BE54-9A1E7A4F7556}") = "Q15552", "Q15552\Q15552.csproj", "{C831B4A4-DBEE-42B5-8650-F4E395686058}"
EndProject
Project("{9A19103F-16F7-4668-BE54-9A1E7A4F7556}") = "Q11021", "Q11021\Q11021.csproj", "{5A75710B-3480-4BCA-81F6-605A56AD2522}"
EndProject
Project("{9A19103F-16F7-4668-BE54-9A1E7A4F7556}") = "Q11022", "Q11022\Q11022.csproj", "{C370B44A-7383-41A2-A6C3-E51245267358}"
EndProject
Project("{9A19103F-16F7-4668-BE54-9A1E7A4F7556}") = "Q2438", "Q2438\Q2438.csproj", "{D7A5E805-CBDA-45D3-8FAF-AD7F598D5F8F}"
EndProject
Project("{9A19103F-16F7-4668-BE54-9A1E7A4F7556}") = "Q10952", "Q10952\Q10952.csproj", "{EFD5FF22-146E-4968-8922-E3B2A12C79C2}"
EndProject
Project("{9A19103F-16F7-4668-BE54-9A1E7A4F7556}") = "Q10951", "Q10951\Q10951.csproj", "{2DC79EE1-6577-456D-98E1-A75FA6203A76}"
EndProject
Project("{9A19103F-16F7-4668-BE54-9A1E7A4F7556}") = "Q10807", "Q10807\Q10807.csproj", "{0078A2E5-B48B-45A8-BE6F-F6C55EC40699}"
EndProject
Project("{9A19103F-16F7-4668-BE54-9A1E7A4F7556}") = "Q10871", "Q10871\Q10871.csproj", "{1FDDF6EC-B329-420F-A8D0-F6549EECAE9A}"
EndProject
Project("{9A19103F-16F7-4668-BE54-9A1E7A4F7556}") = "Q10810", "Q10810\Q10810.csproj", "{6279DB1B-0AF2-4B08-AFFB-9DFB18C46B51}"
EndProject
Project("{FAE04EC0-301F-11D3-BF4B-00C04F79EFBC}") = "Q27866", "Q27866\Q27866.csproj", "{3E6B54FF-6448-483C-B390-71C8B418E54B}"
EndProject
Project("{FAE04EC0-301F-11D3-BF4B-00C04F79EFBC}") = "Q2743", "Q2743\Q2743.csproj", "{3D1B2B9A-BE60-4E07-BA98-6046D4CA87B1}"
EndProject
Project("{FAE04EC0-301F-11D3-BF4B-00C04F79EFBC}") = "Q9086", "Q9086\Q9086.csproj", "{969FF8E6-5639-4F85-ADD2-5EA93B76FDAD}"
EndProject
Project("{FAE04EC0-301F-11D3-BF4B-00C04F79EFBC}") = "Q11654", "Q11654\Q11654.csproj", "{B97B5CF6-2DB4-45DE-ABF7-B57420E16697}"
EndProject
Project("{FAE04EC0-301F-11D3-BF4B-00C04F79EFBC}") = "Q11720", "Q11720\Q11720.csproj", "{A4ECC04A-6C5A-4CA8-9D77-90AB8754E1B7}"
EndProject
Project("{FAE04EC0-301F-11D3-BF4B-00C04F79EFBC}") = "Q10809", "Q10809\Q10809.csproj", "{31524FAF-0F27-481F-AE98-158D5A1257DF}"
EndProject
Project("{FAE04EC0-301F-11D3-BF4B-00C04F79EFBC}") = "Q1152", "Q1152\Q1152.csproj", "{45E2073F-2A26-4D42-90A3-627B0C42B01F}"
EndProject
Global
	GlobalSection(SolutionConfigurationPlatforms) = preSolution
		Debug|Any CPU = Debug|Any CPU
		Release|Any CPU = Release|Any CPU
	EndGlobalSection
	GlobalSection(ProjectConfigurationPlatforms) = postSolution
		{E1340FD2-6655-49CC-B080-AD6B3015424A}.Debug|Any CPU.ActiveCfg = Debug|Any CPU
		{E1340FD2-6655-49CC-B080-AD6B3015424A}.Debug|Any CPU.Build.0 = Debug|Any CPU
		{E1340FD2-6655-49CC-B080-AD6B3015424A}.Release|Any CPU.ActiveCfg = Release|Any CPU
		{E1340FD2-6655-49CC-B080-AD6B3015424A}.Release|Any CPU.Build.0 = Release|Any CPU
		{82BC5C1A-4B03-4979-A596-3A24C7A04F1B}.Debug|Any CPU.ActiveCfg = Debug|Any CPU
		{82BC5C1A-4B03-4979-A596-3A24C7A04F1B}.Debug|Any CPU.Build.0 = Debug|Any CPU
		{82BC5C1A-4B03-4979-A596-3A24C7A04F1B}.Release|Any CPU.ActiveCfg = Release|Any CPU
		{82BC5C1A-4B03-4979-A596-3A24C7A04F1B}.Release|Any CPU.Build.0 = Release|Any CPU
		{6DEA2AE2-9384-4BD1-8692-D9C1C95B7B46}.Debug|Any CPU.ActiveCfg = Debug|Any CPU
		{6DEA2AE2-9384-4BD1-8692-D9C1C95B7B46}.Debug|Any CPU.Build.0 = Debug|Any CPU
		{6DEA2AE2-9384-4BD1-8692-D9C1C95B7B46}.Release|Any CPU.ActiveCfg = Release|Any CPU
		{6DEA2AE2-9384-4BD1-8692-D9C1C95B7B46}.Release|Any CPU.Build.0 = Release|Any CPU
		{51F5343A-A7A8-4759-BB0E-CCD9891ED8C8}.Debug|Any CPU.ActiveCfg = Debug|Any CPU
		{51F5343A-A7A8-4759-BB0E-CCD9891ED8C8}.Debug|Any CPU.Build.0 = Debug|Any CPU
		{51F5343A-A7A8-4759-BB0E-CCD9891ED8C8}.Release|Any CPU.ActiveCfg = Release|Any CPU
		{51F5343A-A7A8-4759-BB0E-CCD9891ED8C8}.Release|Any CPU.Build.0 = Release|Any CPU
		{50C52FEB-D3E2-4CFF-916A-C69C274AFFD7}.Debug|Any CPU.ActiveCfg = Debug|Any CPU
		{50C52FEB-D3E2-4CFF-916A-C69C274AFFD7}.Debug|Any CPU.Build.0 = Debug|Any CPU
		{50C52FEB-D3E2-4CFF-916A-C69C274AFFD7}.Release|Any CPU.ActiveCfg = Release|Any CPU
		{50C52FEB-D3E2-4CFF-916A-C69C274AFFD7}.Release|Any CPU.Build.0 = Release|Any CPU
		{21E507F2-D3C0-47BE-9598-BB4FA6375E21}.Debug|Any CPU.ActiveCfg = Debug|Any CPU
		{21E507F2-D3C0-47BE-9598-BB4FA6375E21}.Debug|Any CPU.Build.0 = Debug|Any CPU
		{21E507F2-D3C0-47BE-9598-BB4FA6375E21}.Release|Any CPU.ActiveCfg = Release|Any CPU
		{21E507F2-D3C0-47BE-9598-BB4FA6375E21}.Release|Any CPU.Build.0 = Release|Any CPU
		{78966F43-89A9-422A-86EC-D142482EC0DD}.Debug|Any CPU.ActiveCfg = Debug|Any CPU
		{78966F43-89A9-422A-86EC-D142482EC0DD}.Debug|Any CPU.Build.0 = Debug|Any CPU
		{78966F43-89A9-422A-86EC-D142482EC0DD}.Release|Any CPU.ActiveCfg = Release|Any CPU
		{78966F43-89A9-422A-86EC-D142482EC0DD}.Release|Any CPU.Build.0 = Release|Any CPU
		{14297024-71CD-4F30-A922-156E0D96EFDC}.Debug|Any CPU.ActiveCfg = Debug|Any CPU
		{14297024-71CD-4F30-A922-156E0D96EFDC}.Debug|Any CPU.Build.0 = Debug|Any CPU
		{14297024-71CD-4F30-A922-156E0D96EFDC}.Release|Any CPU.ActiveCfg = Release|Any CPU
		{14297024-71CD-4F30-A922-156E0D96EFDC}.Release|Any CPU.Build.0 = Release|Any CPU
		{5618B8BE-0F37-481B-B591-E52C0D2503CE}.Debug|Any CPU.ActiveCfg = Debug|Any CPU
		{5618B8BE-0F37-481B-B591-E52C0D2503CE}.Debug|Any CPU.Build.0 = Debug|Any CPU
		{5618B8BE-0F37-481B-B591-E52C0D2503CE}.Release|Any CPU.ActiveCfg = Release|Any CPU
		{5618B8BE-0F37-481B-B591-E52C0D2503CE}.Release|Any CPU.Build.0 = Release|Any CPU
		{3325A3EA-94EB-49EB-A1E6-B8207DF17088}.Debug|Any CPU.ActiveCfg = Debug|Any CPU
		{3325A3EA-94EB-49EB-A1E6-B8207DF17088}.Debug|Any CPU.Build.0 = Debug|Any CPU
		{3325A3EA-94EB-49EB-A1E6-B8207DF17088}.Release|Any CPU.ActiveCfg = Release|Any CPU
		{3325A3EA-94EB-49EB-A1E6-B8207DF17088}.Release|Any CPU.Build.0 = Release|Any CPU
		{B78AFC49-B646-4252-92A3-55C2D74BADDB}.Debug|Any CPU.ActiveCfg = Debug|Any CPU
		{B78AFC49-B646-4252-92A3-55C2D74BADDB}.Debug|Any CPU.Build.0 = Debug|Any CPU
		{B78AFC49-B646-4252-92A3-55C2D74BADDB}.Release|Any CPU.ActiveCfg = Release|Any CPU
		{B78AFC49-B646-4252-92A3-55C2D74BADDB}.Release|Any CPU.Build.0 = Release|Any CPU
		{BCDE5C2F-A267-43AD-91A7-5AF89E2D8E4A}.Debug|Any CPU.ActiveCfg = Debug|Any CPU
		{BCDE5C2F-A267-43AD-91A7-5AF89E2D8E4A}.Debug|Any CPU.Build.0 = Debug|Any CPU
		{BCDE5C2F-A267-43AD-91A7-5AF89E2D8E4A}.Release|Any CPU.ActiveCfg = Release|Any CPU
		{BCDE5C2F-A267-43AD-91A7-5AF89E2D8E4A}.Release|Any CPU.Build.0 = Release|Any CPU
		{EE8BAAE3-D0F5-4B59-991D-0F86531EBDA2}.Debug|Any CPU.ActiveCfg = Debug|Any CPU
		{EE8BAAE3-D0F5-4B59-991D-0F86531EBDA2}.Debug|Any CPU.Build.0 = Debug|Any CPU
		{EE8BAAE3-D0F5-4B59-991D-0F86531EBDA2}.Release|Any CPU.ActiveCfg = Release|Any CPU
		{EE8BAAE3-D0F5-4B59-991D-0F86531EBDA2}.Release|Any CPU.Build.0 = Release|Any CPU
		{6DDCE1D1-BB94-4157-9F40-9DC37B37A1A6}.Debug|Any CPU.ActiveCfg = Debug|Any CPU
		{6DDCE1D1-BB94-4157-9F40-9DC37B37A1A6}.Debug|Any CPU.Build.0 = Debug|Any CPU
		{6DDCE1D1-BB94-4157-9F40-9DC37B37A1A6}.Release|Any CPU.ActiveCfg = Release|Any CPU
		{6DDCE1D1-BB94-4157-9F40-9DC37B37A1A6}.Release|Any CPU.Build.0 = Release|Any CPU
		{2B66FD7D-9051-4317-8DBF-456D6A0E7BFF}.Debug|Any CPU.ActiveCfg = Debug|Any CPU
		{2B66FD7D-9051-4317-8DBF-456D6A0E7BFF}.Debug|Any CPU.Build.0 = Debug|Any CPU
		{2B66FD7D-9051-4317-8DBF-456D6A0E7BFF}.Release|Any CPU.ActiveCfg = Release|Any CPU
		{2B66FD7D-9051-4317-8DBF-456D6A0E7BFF}.Release|Any CPU.Build.0 = Release|Any CPU
		{83D2F520-C72C-4CC4-9BA0-996438F7D730}.Debug|Any CPU.ActiveCfg = Debug|Any CPU
		{83D2F520-C72C-4CC4-9BA0-996438F7D730}.Debug|Any CPU.Build.0 = Debug|Any CPU
		{83D2F520-C72C-4CC4-9BA0-996438F7D730}.Release|Any CPU.ActiveCfg = Release|Any CPU
		{83D2F520-C72C-4CC4-9BA0-996438F7D730}.Release|Any CPU.Build.0 = Release|Any CPU
		{8CDC9822-2488-47E1-A167-4EA22689F76B}.Debug|Any CPU.ActiveCfg = Debug|Any CPU
		{8CDC9822-2488-47E1-A167-4EA22689F76B}.Debug|Any CPU.Build.0 = Debug|Any CPU
		{8CDC9822-2488-47E1-A167-4EA22689F76B}.Release|Any CPU.ActiveCfg = Release|Any CPU
		{8CDC9822-2488-47E1-A167-4EA22689F76B}.Release|Any CPU.Build.0 = Release|Any CPU
		{C3B235A0-EF6F-4D4D-822E-FE1475FF8067}.Debug|Any CPU.ActiveCfg = Debug|Any CPU
		{C3B235A0-EF6F-4D4D-822E-FE1475FF8067}.Debug|Any CPU.Build.0 = Debug|Any CPU
		{C3B235A0-EF6F-4D4D-822E-FE1475FF8067}.Release|Any CPU.ActiveCfg = Release|Any CPU
		{C3B235A0-EF6F-4D4D-822E-FE1475FF8067}.Release|Any CPU.Build.0 = Release|Any CPU
		{9AA13849-CD35-4B5B-8B54-EE84F62C16CB}.Debug|Any CPU.ActiveCfg = Debug|Any CPU
		{9AA13849-CD35-4B5B-8B54-EE84F62C16CB}.Debug|Any CPU.Build.0 = Debug|Any CPU
		{9AA13849-CD35-4B5B-8B54-EE84F62C16CB}.Release|Any CPU.ActiveCfg = Release|Any CPU
		{9AA13849-CD35-4B5B-8B54-EE84F62C16CB}.Release|Any CPU.Build.0 = Release|Any CPU
		{08A17E6C-E07D-4195-A4ED-588A2566793F}.Debug|Any CPU.ActiveCfg = Debug|Any CPU
		{08A17E6C-E07D-4195-A4ED-588A2566793F}.Debug|Any CPU.Build.0 = Debug|Any CPU
		{08A17E6C-E07D-4195-A4ED-588A2566793F}.Release|Any CPU.ActiveCfg = Release|Any CPU
		{08A17E6C-E07D-4195-A4ED-588A2566793F}.Release|Any CPU.Build.0 = Release|Any CPU
		{97B375C8-0727-4F4E-9B10-9777B820D155}.Debug|Any CPU.ActiveCfg = Debug|Any CPU
		{97B375C8-0727-4F4E-9B10-9777B820D155}.Debug|Any CPU.Build.0 = Debug|Any CPU
		{97B375C8-0727-4F4E-9B10-9777B820D155}.Release|Any CPU.ActiveCfg = Release|Any CPU
		{97B375C8-0727-4F4E-9B10-9777B820D155}.Release|Any CPU.Build.0 = Release|Any CPU
		{E451C8B2-C532-49EE-813E-8E88704C1682}.Debug|Any CPU.ActiveCfg = Debug|Any CPU
		{E451C8B2-C532-49EE-813E-8E88704C1682}.Debug|Any CPU.Build.0 = Debug|Any CPU
		{E451C8B2-C532-49EE-813E-8E88704C1682}.Release|Any CPU.ActiveCfg = Release|Any CPU
		{E451C8B2-C532-49EE-813E-8E88704C1682}.Release|Any CPU.Build.0 = Release|Any CPU
		{EEE0EEDB-2029-4A40-8504-0C9FC2873F47}.Debug|Any CPU.ActiveCfg = Debug|Any CPU
		{EEE0EEDB-2029-4A40-8504-0C9FC2873F47}.Debug|Any CPU.Build.0 = Debug|Any CPU
		{EEE0EEDB-2029-4A40-8504-0C9FC2873F47}.Release|Any CPU.ActiveCfg = Release|Any CPU
		{EEE0EEDB-2029-4A40-8504-0C9FC2873F47}.Release|Any CPU.Build.0 = Release|Any CPU
		{C831B4A4-DBEE-42B5-8650-F4E395686058}.Debug|Any CPU.ActiveCfg = Debug|Any CPU
		{C831B4A4-DBEE-42B5-8650-F4E395686058}.Debug|Any CPU.Build.0 = Debug|Any CPU
		{C831B4A4-DBEE-42B5-8650-F4E395686058}.Release|Any CPU.ActiveCfg = Release|Any CPU
		{C831B4A4-DBEE-42B5-8650-F4E395686058}.Release|Any CPU.Build.0 = Release|Any CPU
		{5A75710B-3480-4BCA-81F6-605A56AD2522}.Debug|Any CPU.ActiveCfg = Debug|Any CPU
		{5A75710B-3480-4BCA-81F6-605A56AD2522}.Debug|Any CPU.Build.0 = Debug|Any CPU
		{5A75710B-3480-4BCA-81F6-605A56AD2522}.Release|Any CPU.ActiveCfg = Release|Any CPU
		{5A75710B-3480-4BCA-81F6-605A56AD2522}.Release|Any CPU.Build.0 = Release|Any CPU
		{C370B44A-7383-41A2-A6C3-E51245267358}.Debug|Any CPU.ActiveCfg = Debug|Any CPU
		{C370B44A-7383-41A2-A6C3-E51245267358}.Debug|Any CPU.Build.0 = Debug|Any CPU
		{C370B44A-7383-41A2-A6C3-E51245267358}.Release|Any CPU.ActiveCfg = Release|Any CPU
		{C370B44A-7383-41A2-A6C3-E51245267358}.Release|Any CPU.Build.0 = Release|Any CPU
		{D7A5E805-CBDA-45D3-8FAF-AD7F598D5F8F}.Debug|Any CPU.ActiveCfg = Debug|Any CPU
		{D7A5E805-CBDA-45D3-8FAF-AD7F598D5F8F}.Debug|Any CPU.Build.0 = Debug|Any CPU
		{D7A5E805-CBDA-45D3-8FAF-AD7F598D5F8F}.Release|Any CPU.ActiveCfg = Release|Any CPU
		{D7A5E805-CBDA-45D3-8FAF-AD7F598D5F8F}.Release|Any CPU.Build.0 = Release|Any CPU
		{EFD5FF22-146E-4968-8922-E3B2A12C79C2}.Debug|Any CPU.ActiveCfg = Debug|Any CPU
		{EFD5FF22-146E-4968-8922-E3B2A12C79C2}.Debug|Any CPU.Build.0 = Debug|Any CPU
		{EFD5FF22-146E-4968-8922-E3B2A12C79C2}.Release|Any CPU.ActiveCfg = Release|Any CPU
		{EFD5FF22-146E-4968-8922-E3B2A12C79C2}.Release|Any CPU.Build.0 = Release|Any CPU
		{2DC79EE1-6577-456D-98E1-A75FA6203A76}.Debug|Any CPU.ActiveCfg = Debug|Any CPU
		{2DC79EE1-6577-456D-98E1-A75FA6203A76}.Debug|Any CPU.Build.0 = Debug|Any CPU
		{2DC79EE1-6577-456D-98E1-A75FA6203A76}.Release|Any CPU.ActiveCfg = Release|Any CPU
		{2DC79EE1-6577-456D-98E1-A75FA6203A76}.Release|Any CPU.Build.0 = Release|Any CPU
		{0078A2E5-B48B-45A8-BE6F-F6C55EC40699}.Debug|Any CPU.ActiveCfg = Debug|Any CPU
		{0078A2E5-B48B-45A8-BE6F-F6C55EC40699}.Debug|Any CPU.Build.0 = Debug|Any CPU
		{0078A2E5-B48B-45A8-BE6F-F6C55EC40699}.Release|Any CPU.ActiveCfg = Release|Any CPU
		{0078A2E5-B48B-45A8-BE6F-F6C55EC40699}.Release|Any CPU.Build.0 = Release|Any CPU
		{1FDDF6EC-B329-420F-A8D0-F6549EECAE9A}.Debug|Any CPU.ActiveCfg = Debug|Any CPU
		{1FDDF6EC-B329-420F-A8D0-F6549EECAE9A}.Debug|Any CPU.Build.0 = Debug|Any CPU
		{1FDDF6EC-B329-420F-A8D0-F6549EECAE9A}.Release|Any CPU.ActiveCfg = Release|Any CPU
		{1FDDF6EC-B329-420F-A8D0-F6549EECAE9A}.Release|Any CPU.Build.0 = Release|Any CPU
		{6279DB1B-0AF2-4B08-AFFB-9DFB18C46B51}.Debug|Any CPU.ActiveCfg = Debug|Any CPU
		{6279DB1B-0AF2-4B08-AFFB-9DFB18C46B51}.Debug|Any CPU.Build.0 = Debug|Any CPU
		{6279DB1B-0AF2-4B08-AFFB-9DFB18C46B51}.Release|Any CPU.ActiveCfg = Release|Any CPU
		{6279DB1B-0AF2-4B08-AFFB-9DFB18C46B51}.Release|Any CPU.Build.0 = Release|Any CPU
		{3E6B54FF-6448-483C-B390-71C8B418E54B}.Debug|Any CPU.ActiveCfg = Debug|Any CPU
		{3E6B54FF-6448-483C-B390-71C8B418E54B}.Debug|Any CPU.Build.0 = Debug|Any CPU
		{3E6B54FF-6448-483C-B390-71C8B418E54B}.Release|Any CPU.ActiveCfg = Release|Any CPU
		{3E6B54FF-6448-483C-B390-71C8B418E54B}.Release|Any CPU.Build.0 = Release|Any CPU
		{3D1B2B9A-BE60-4E07-BA98-6046D4CA87B1}.Debug|Any CPU.ActiveCfg = Debug|Any CPU
		{3D1B2B9A-BE60-4E07-BA98-6046D4CA87B1}.Debug|Any CPU.Build.0 = Debug|Any CPU
		{3D1B2B9A-BE60-4E07-BA98-6046D4CA87B1}.Release|Any CPU.ActiveCfg = Release|Any CPU
		{3D1B2B9A-BE60-4E07-BA98-6046D4CA87B1}.Release|Any CPU.Build.0 = Release|Any CPU
		{969FF8E6-5639-4F85-ADD2-5EA93B76FDAD}.Debug|Any CPU.ActiveCfg = Debug|Any CPU
		{969FF8E6-5639-4F85-ADD2-5EA93B76FDAD}.Debug|Any CPU.Build.0 = Debug|Any CPU
		{969FF8E6-5639-4F85-ADD2-5EA93B76FDAD}.Release|Any CPU.ActiveCfg = Release|Any CPU
		{969FF8E6-5639-4F85-ADD2-5EA93B76FDAD}.Release|Any CPU.Build.0 = Release|Any CPU
		{B97B5CF6-2DB4-45DE-ABF7-B57420E16697}.Debug|Any CPU.ActiveCfg = Debug|Any CPU
		{B97B5CF6-2DB4-45DE-ABF7-B57420E16697}.Debug|Any CPU.Build.0 = Debug|Any CPU
		{B97B5CF6-2DB4-45DE-ABF7-B57420E16697}.Release|Any CPU.ActiveCfg = Release|Any CPU
		{B97B5CF6-2DB4-45DE-ABF7-B57420E16697}.Release|Any CPU.Build.0 = Release|Any CPU
		{A4ECC04A-6C5A-4CA8-9D77-90AB8754E1B7}.Debug|Any CPU.ActiveCfg = Debug|Any CPU
		{A4ECC04A-6C5A-4CA8-9D77-90AB8754E1B7}.Debug|Any CPU.Build.0 = Debug|Any CPU
		{A4ECC04A-6C5A-4CA8-9D77-90AB8754E1B7}.Release|Any CPU.ActiveCfg = Release|Any CPU
		{A4ECC04A-6C5A-4CA8-9D77-90AB8754E1B7}.Release|Any CPU.Build.0 = Release|Any CPU
		{31524FAF-0F27-481F-AE98-158D5A1257DF}.Debug|Any CPU.ActiveCfg = Debug|Any CPU
		{31524FAF-0F27-481F-AE98-158D5A1257DF}.Debug|Any CPU.Build.0 = Debug|Any CPU
		{31524FAF-0F27-481F-AE98-158D5A1257DF}.Release|Any CPU.ActiveCfg = Release|Any CPU
		{31524FAF-0F27-481F-AE98-158D5A1257DF}.Release|Any CPU.Build.0 = Release|Any CPU
		{45E2073F-2A26-4D42-90A3-627B0C42B01F}.Debug|Any CPU.ActiveCfg = Debug|Any CPU
		{45E2073F-2A26-4D42-90A3-627B0C42B01F}.Debug|Any CPU.Build.0 = Debug|Any CPU
		{45E2073F-2A26-4D42-90A3-627B0C42B01F}.Release|Any CPU.ActiveCfg = Release|Any CPU
		{45E2073F-2A26-4D42-90A3-627B0C42B01F}.Release|Any CPU.Build.0 = Release|Any CPU
	EndGlobalSection
	GlobalSection(SolutionProperties) = preSolution
		HideSolutionNode = FALSE
	EndGlobalSection
	GlobalSection(ExtensibilityGlobals) = postSolution
		SolutionGuid = {2FAA7AFD-DA47-40A1-9A5A-7B27D32BE8D8}
	EndGlobalSection
EndGlobal
