
Microsoft Visual Studio Solution File, Format Version 12.00
# Visual Studio Version 17
VisualStudioVersion = 17.7.34031.279
MinimumVisualStudioVersion = 10.0.40219.1
Project("{FAE04EC0-301F-11D3-BF4B-00C04F79EFBC}") = "Abstraction", "Abstraction\Abstraction.csproj", "{8C8E5ED5-4CF3-4AD1-9B46-028A41D810E1}"
EndProject
Project("{FAE04EC0-301F-11D3-BF4B-00C04F79EFBC}") = "Animal", "Animal\Animal.csproj", "{7EF41991-5C37-4C5E-A114-650F79347381}"
EndProject
Global
	GlobalSection(SolutionConfigurationPlatforms) = preSolution
		Debug|Any CPU = Debug|Any CPU
		Release|Any CPU = Release|Any CPU
	EndGlobalSection
	GlobalSection(ProjectConfigurationPlatforms) = postSolution
		{8C8E5ED5-4CF3-4AD1-9B46-028A41D810E1}.Debug|Any CPU.ActiveCfg = Debug|Any CPU
		{8C8E5ED5-4CF3-4AD1-9B46-028A41D810E1}.Debug|Any CPU.Build.0 = Debug|Any CPU
		{8C8E5ED5-4CF3-4AD1-9B46-028A41D810E1}.Release|Any CPU.ActiveCfg = Release|Any CPU
		{8C8E5ED5-4CF3-4AD1-9B46-028A41D810E1}.Release|Any CPU.Build.0 = Release|Any CPU
		{7EF41991-5C37-4C5E-A114-650F79347381}.Debug|Any CPU.ActiveCfg = Debug|Any CPU
		{7EF41991-5C37-4C5E-A114-650F79347381}.Debug|Any CPU.Build.0 = Debug|Any CPU
		{7EF41991-5C37-4C5E-A114-650F79347381}.Release|Any CPU.ActiveCfg = Release|Any CPU
		{7EF41991-5C37-4C5E-A114-650F79347381}.Release|Any CPU.Build.0 = Release|Any CPU
	EndGlobalSection
	GlobalSection(SolutionProperties) = preSolution
		HideSolutionNode = FALSE
	EndGlobalSection
	GlobalSection(ExtensibilityGlobals) = postSolution
		SolutionGuid = {0AC28F05-2EB0-4918-B2B0-EA31EDF8420E}
	EndGlobalSection
EndGlobal
