
Microsoft Visual Studio Solution File, Format Version 12.00
# Visual Studio Version 17
VisualStudioVersion = 17.7.34024.191
MinimumVisualStudioVersion = 10.0.40219.1
Project("{FAE04EC0-301F-11D3-BF4B-00C04F79EFBC}") = "Contractor-DotNet-KNN", "Contractor-DotNet-KNN\Contractor-DotNet-KNN.csproj", "{56267893-073F-4FCE-BF75-22DA3D330D1A}"
EndProject
Project("{FAE04EC0-301F-11D3-BF4B-00C04F79EFBC}") = "JuneDev_ML_KNN", "JuneDev_ML_KNN\JuneDev_ML_KNN.csproj", "{D39446F7-2A20-4902-ADE0-D54A4060B966}"
EndProject
Global
	GlobalSection(SolutionConfigurationPlatforms) = preSolution
		Debug|Any CPU = Debug|Any CPU
		Release|Any CPU = Release|Any CPU
	EndGlobalSection
	GlobalSection(ProjectConfigurationPlatforms) = postSolution
		{56267893-073F-4FCE-BF75-22DA3D330D1A}.Debug|Any CPU.ActiveCfg = Debug|Any CPU
		{56267893-073F-4FCE-BF75-22DA3D330D1A}.Debug|Any CPU.Build.0 = Debug|Any CPU
		{56267893-073F-4FCE-BF75-22DA3D330D1A}.Release|Any CPU.ActiveCfg = Release|Any CPU
		{56267893-073F-4FCE-BF75-22DA3D330D1A}.Release|Any CPU.Build.0 = Release|Any CPU
		{D39446F7-2A20-4902-ADE0-D54A4060B966}.Debug|Any CPU.ActiveCfg = Debug|Any CPU
		{D39446F7-2A20-4902-ADE0-D54A4060B966}.Debug|Any CPU.Build.0 = Debug|Any CPU
		{D39446F7-2A20-4902-ADE0-D54A4060B966}.Release|Any CPU.ActiveCfg = Release|Any CPU
		{D39446F7-2A20-4902-ADE0-D54A4060B966}.Release|Any CPU.Build.0 = Release|Any CPU
	EndGlobalSection
	GlobalSection(SolutionProperties) = preSolution
		HideSolutionNode = FALSE
	EndGlobalSection
	GlobalSection(ExtensibilityGlobals) = postSolution
		SolutionGuid = {7C2B43FA-8127-41E3-86D4-2D6815245DCF}
	EndGlobalSection
EndGlobal
